
Microsoft Visual Studio Solution File, Format Version 12.00
# Visual Studio Version 17
VisualStudioVersion = 17.13.35828.75
MinimumVisualStudioVersion = 10.0.40219.1
Project("{FAE04EC0-301F-11D3-BF4B-00C04F79EFBC}") = "ApiTestWeb", "ApiTestWeb.csproj", "{F46A8C4E-7CE0-4EE2-B7CB-C0180E12F93A}"
EndProject
Project("{FAE04EC0-301F-11D3-BF4B-00C04F79EFBC}") = "ApiTest2", "..\ApiTest2\ApiTest2.csproj", "{821EE69D-AE7A-41A8-9C33-AE10F8664C09}"
EndProject
Project("{FAE04EC0-301F-11D3-BF4B-00C04F79EFBC}") = "ApiTestApiService", "..\ApiTestApiService\ApiTestApiService.csproj", "{EB4278A4-50FA-4A3C-AC0F-1D2B69751B1D}"
EndProject
Global
	GlobalSection(SolutionConfigurationPlatforms) = preSolution
		Debug|Any CPU = Debug|Any CPU
		Release|Any CPU = Release|Any CPU
	EndGlobalSection
	GlobalSection(ProjectConfigurationPlatforms) = postSolution
		{F46A8C4E-7CE0-4EE2-B7CB-C0180E12F93A}.Debug|Any CPU.ActiveCfg = Debug|Any CPU
		{F46A8C4E-7CE0-4EE2-B7CB-C0180E12F93A}.Debug|Any CPU.Build.0 = Debug|Any CPU
		{F46A8C4E-7CE0-4EE2-B7CB-C0180E12F93A}.Release|Any CPU.ActiveCfg = Release|Any CPU
		{F46A8C4E-7CE0-4EE2-B7CB-C0180E12F93A}.Release|Any CPU.Build.0 = Release|Any CPU
		{821EE69D-AE7A-41A8-9C33-AE10F8664C09}.Debug|Any CPU.ActiveCfg = Debug|Any CPU
		{821EE69D-AE7A-41A8-9C33-AE10F8664C09}.Debug|Any CPU.Build.0 = Debug|Any CPU
		{821EE69D-AE7A-41A8-9C33-AE10F8664C09}.Release|Any CPU.ActiveCfg = Release|Any CPU
		{821EE69D-AE7A-41A8-9C33-AE10F8664C09}.Release|Any CPU.Build.0 = Release|Any CPU
		{EB4278A4-50FA-4A3C-AC0F-1D2B69751B1D}.Debug|Any CPU.ActiveCfg = Debug|Any CPU
		{EB4278A4-50FA-4A3C-AC0F-1D2B69751B1D}.Debug|Any CPU.Build.0 = Debug|Any CPU
		{EB4278A4-50FA-4A3C-AC0F-1D2B69751B1D}.Release|Any CPU.ActiveCfg = Release|Any CPU
		{EB4278A4-50FA-4A3C-AC0F-1D2B69751B1D}.Release|Any CPU.Build.0 = Release|Any CPU
	EndGlobalSection
	GlobalSection(SolutionProperties) = preSolution
		HideSolutionNode = FALSE
	EndGlobalSection
	GlobalSection(ExtensibilityGlobals) = postSolution
		SolutionGuid = {AFE1735C-5DD1-44A3-8F3A-2B3AA964F690}
	EndGlobalSection
EndGlobal
